dependencies:
- name: cluster
  repository: https://cloudnative-pg.github.io/charts
  version: 0.6.1
- name: neo4j
  repository: https://helm.neo4j.com/neo4j
  version: 2026.4.0
- name: lightrag
  repository: file://charts/lightrag
  version: 0.1.0
digest: sha256:39b74ca350854f3516da0bf28fb53143ffafda9e20039fd98a5600b6425bed9a
generated: "2026-05-25T00:03:17.245228+02:00"
